
Microsoft Visual Studio Solution File, Format Version 12.00
# Visual Studio Version 17
VisualStudioVersion = 17.7.34024.191
MinimumVisualStudioVersion = 10.0.40219.1
Project("{9A19103F-16F7-4668-BE54-9A1E7A4F7556}") = "HttpGetterSharp", "HttpGetterSharp.csproj", "{222AB2D2-E9D6-40DF-AC7A-12E43380EDE5}"
EndProject
Global
	GlobalSection(SolutionConfigurationPlatforms) = preSolution
		Debug|Any CPU = Debug|Any CPU
		Release|Any CPU = Release|Any CPU
	EndGlobalSection
	GlobalSection(ProjectConfigurationPlatforms) = postSolution
		{222AB2D2-E9D6-40DF-AC7A-12E43380EDE5}.Debug|Any CPU.ActiveCfg = Debug|Any CPU
		{222AB2D2-E9D6-40DF-AC7A-12E43380EDE5}.Debug|Any CPU.Build.0 = Debug|Any CPU
		{222AB2D2-E9D6-40DF-AC7A-12E43380EDE5}.Release|Any CPU.ActiveCfg = Release|Any CPU
		{222AB2D2-E9D6-40DF-AC7A-12E43380EDE5}.Release|Any CPU.Build.0 = Release|Any CPU
	EndGlobalSection
	GlobalSection(SolutionProperties) = preSolution
		HideSolutionNode = FALSE
	EndGlobalSection
	GlobalSection(ExtensibilityGlobals) = postSolution
		SolutionGuid = {6AF913D4-A7B2-4DD5-A38E-E80B96813302}
	EndGlobalSection
EndGlobal
